// !$*UTF8*$!
{
	archiveVersion = 1;
	classes = {
	};
	objectVersion = 56;
	objects = {

/* Begin PBXBuildFile section */
		100BDEAF29A638F700FF4BD6 /* AppDelegate.swift in Sources */ = {isa = PBXBuildFile; fileRef = 100BDEAE29A638F700FF4BD6 /* AppDelegate.swift */; };
		100BDEB629A638F700FF4BD6 /* Main.storyboard in Resources */ = {isa = PBXBuildFile; fileRef = 100BDEB429A638F700FF4BD6 /* Main.storyboard */; };
		100BDEB829A638F800FF4BD6 /* Assets.xcassets in Resources */ = {isa = PBXBuildFile; fileRef = 100BDEB729A638F800FF4BD6 /* Assets.xcassets */; };
		100BDEBB29A638F800FF4BD6 /* LaunchScreen.storyboard in Resources */ = {isa = PBXBuildFile; fileRef = 100BDEB929A638F800FF4BD6 /* LaunchScreen.storyboard */; };
		100BDEC529A63EC100FF4BD6 /* StartUpViewController.swift in Sources */ = {isa = PBXBuildFile; fileRef = 100BDEC429A63EC100FF4BD6 /* StartUpViewController.swift */; };
		100BDEC729A63F0700FF4BD6 /* BaseCoordinator.swift in Sources */ = {isa = PBXBuildFile; fileRef = 100BDEC629A63F0700FF4BD6 /* BaseCoordinator.swift */; };
		10206A0929AF4F1B005C94E4 /* QboxWebWidget in Frameworks */ = {isa = PBXBuildFile; productRef = 10206A0829AF4F1B005C94E4 /* QboxWebWidget */; };
/* End PBXBuildFile section */

/* Begin PBXFileReference section */
		100BDEAB29A638F700FF4BD6 /* qweb_widget_test.app */ = {isa = PBXFileReference; explicitFileType = wrapper.application; includeInIndex = 0; path = qweb_widget_test.app; sourceTree = BUILT_PRODUCTS_DIR; };
		100BDEAE29A638F700FF4BD6 /* AppDelegate.swift */ = {isa = PBXFileReference; lastKnownFileType = sourcecode.swift; path = AppDelegate.swift; sourceTree = "<group>"; };
		100BDEB529A638F700FF4BD6 /* Base */ = {isa = PBXFileReference; lastKnownFileType = file.storyboard; name = Base; path = Base.lproj/Main.storyboard; sourceTree = "<group>"; };
		100BDEB729A638F800FF4BD6 /* Assets.xcassets */ = {isa = PBXFileReference; lastKnownFileType = folder.assetcatalog; path = Assets.xcassets; sourceTree = "<group>"; };
		100BDEBA29A638F800FF4BD6 /* Base */ = {isa = PBXFileReference; lastKnownFileType = file.storyboard; name = Base; path = Base.lproj/LaunchScreen.storyboard; sourceTree = "<group>"; };
		100BDEBC29A638F800FF4BD6 /* Info.plist */ = {isa = PBXFileReference; lastKnownFileType = text.plist.xml; path = Info.plist; sourceTree = "<group>"; };
		100BDEC429A63EC100FF4BD6 /* StartUpViewController.swift */ = {isa = PBXFileReference; lastKnownFileType = sourcecode.swift; path = StartUpViewController.swift; sourceTree = "<group>"; };
		100BDEC629A63F0700FF4BD6 /* BaseCoordinator.swift */ = {isa = PBXFileReference; lastKnownFileType = sourcecode.swift; path = BaseCoordinator.swift; sourceTree = "<group>"; };
/* End PBXFileReference section */

/* Begin PBXFrameworksBuildPhase section */
		100BDEA829A638F700FF4BD6 /* Frameworks */ = {
			isa = PBXFrameworksBuildPhase;
			buildActionMask = 2147483647;
			files = (
				10206A0929AF4F1B005C94E4 /* QboxWebWidget in Frameworks */,
			);
			runOnlyForDeploymentPostprocessing = 0;
		};
/* End PBXFrameworksBuildPhase section */

/* Begin PBXGroup section */
		100BDEA229A638F600FF4BD6 = {
			isa = PBXGroup;
			children = (
				100BDEAD29A638F700FF4BD6 /* qweb_widget_test */,
				100BDEAC29A638F700FF4BD6 /* Products */,
			);
			sourceTree = "<group>";
		};
		100BDEAC29A638F700FF4BD6 /* Products */ = {
			isa = PBXGroup;
			children = (
				100BDEAB29A638F700FF4BD6 /* qweb_widget_test.app */,
			);
			name = Products;
			sourceTree = "<group>";
		};
		100BDEAD29A638F700FF4BD6 /* qweb_widget_test */ = {
			isa = PBXGroup;
			children = (
				100BDEC329A63E9C00FF4BD6 /* Modules */,
				100BDEC229A63E9400FF4BD6 /* Base */,
				100BDEAE29A638F700FF4BD6 /* AppDelegate.swift */,
				100BDEB429A638F700FF4BD6 /* Main.storyboard */,
				100BDEB729A638F800FF4BD6 /* Assets.xcassets */,
				100BDEB929A638F800FF4BD6 /* LaunchScreen.storyboard */,
				100BDEBC29A638F800FF4BD6 /* Info.plist */,
			);
			path = qweb_widget_test;
			sourceTree = "<group>";
		};
		100BDEC229A63E9400FF4BD6 /* Base */ = {
			isa = PBXGroup;
			children = (
				100BDEC629A63F0700FF4BD6 /* BaseCoordinator.swift */,
			);
			path = Base;
			sourceTree = "<group>";
		};
		100BDEC329A63E9C00FF4BD6 /* Modules */ = {
			isa = PBXGroup;
			children = (
				100BDEC429A63EC100FF4BD6 /* StartUpViewController.swift */,
			);
			path = Modules;
			sourceTree = "<group>";
		};
/* End PBXGroup section */

/* Begin PBXNativeTarget section */
		100BDEAA29A638F700FF4BD6 /* qweb_widget_test */ = {
			isa = PBXNativeTarget;
			buildConfigurationList = 100BDEBF29A638F800FF4BD6 /* Build configuration list for PBXNativeTarget "qweb_widget_test" */;
			buildPhases = (
				100BDEA729A638F700FF4BD6 /* Sources */,
				100BDEA829A638F700FF4BD6 /* Frameworks */,
				100BDEA929A638F700FF4BD6 /* Resources */,
			);
			buildRules = (
			);
			dependencies = (
			);
			name = qweb_widget_test;
			packageProductDependencies = (
				10206A0829AF4F1B005C94E4 /* QboxWebWidget */,
			);
			productName = qweb_widget_test;
			productReference = 100BDEAB29A638F700FF4BD6 /* qweb_widget_test.app */;
			productType = "com.apple.product-type.application";
		};
/* End PBXNativeTarget section */

/* Begin PBXProject section */
		100BDEA329A638F600FF4BD6 /* Project object */ = {
			isa = PBXProject;
			attributes = {
				BuildIndependentTargetsInParallel = 1;
				LastSwiftUpdateCheck = 1400;
				LastUpgradeCheck = 1400;
				TargetAttributes = {
					100BDEAA29A638F700FF4BD6 = {
						CreatedOnToolsVersion = 14.0.1;
					};
				};
			};
			buildConfigurationList = 100BDEA629A638F600FF4BD6 /* Build configuration list for PBXProject "qweb_widget_test" */;
			compatibilityVersion = "Xcode 14.0";
			developmentRegion = en;
			hasScannedForEncodings = 0;
			knownRegions = (
				en,
				Base,
			);
			mainGroup = 100BDEA229A638F600FF4BD6;
			packageReferences = (
				10206A0729AF4F1B005C94E4 /* XCRemoteSwiftPackageReference "QboxWebWidget" */,
			);
			productRefGroup = 100BDEAC29A638F700FF4BD6 /* Products */;
			projectDirPath = "";
			projectRoot = "";
			targets = (
				100BDEAA29A638F700FF4BD6 /* qweb_widget_test */,
			);
		};
/* End PBXProject section */

/* Begin PBXResourcesBuildPhase section */
		100BDEA929A638F700FF4BD6 /* Resources */ = {
			isa = PBXResourcesBuildPhase;
			buildActionMask = 2147483647;
			files = (
				100BDEBB29A638F800FF4BD6 /* LaunchScreen.storyboard in Resources */,
				100BDEB829A638F800FF4BD6 /* Assets.xcassets in Resources */,
				100BDEB629A638F700FF4BD6 /* Main.storyboard in Resources */,
			);
			runOnlyForDeploymentPostprocessing = 0;
		};
/* End PBXResourcesBuildPhase section */

/* Begin PBXSourcesBuildPhase section */
		100BDEA729A638F700FF4BD6 /* Sources */ = {
			isa = PBXSourcesBuildPhase;
			buildActionMask = 2147483647;
			files = (
				100BDEC729A63F0700FF4BD6 /* BaseCoordinator.swift in Sources */,
				100BDEC529A63EC100FF4BD6 /* StartUpViewController.swift in Sources */,
				100BDEAF29A638F700FF4BD6 /* AppDelegate.swift in Sources */,
			);
			runOnlyForDeploymentPostprocessing = 0;
		};
/* End PBXSourcesBuildPhase section */

/* Begin PBXVariantGroup section */
		100BDEB429A638F700FF4BD6 /* Main.storyboard */ = {
			isa = PBXVariantGroup;
			children = (
				100BDEB529A638F700FF4BD6 /* Base */,
			);
			name = Main.storyboard;
			sourceTree = "<group>";
		};
		100BDEB929A638F800FF4BD6 /* LaunchScreen.storyboard */ = {
			isa = PBXVariantGroup;
			children = (
				100BDEBA29A638F800FF4BD6 /* Base */,
			);
			name = LaunchScreen.storyboard;
			sourceTree = "<group>";
		};
/* End PBXVariantGroup section */

/* Begin XCBuildConfiguration section */
		100BDEBD29A638F800FF4BD6 /* Debug */ = {
			isa = XCBuildConfiguration;
			buildSettings = {
				ALWAYS_SEARCH_USER_PATHS = NO;
				CLANG_ANALYZER_NONNULL = YES;
				CLANG_ANALYZER_NUMBER_OBJECT_CONVERSION = YES_AGGRESSIVE;
				CLANG_CXX_LANGUAGE_STANDARD = "gnu++20";
				CLANG_ENABLE_MODULES = YES;
				CLANG_ENABLE_OBJC_ARC = YES;
				CLANG_ENABLE_OBJC_WEAK = YES;
				CLANG_WARN_BLOCK_CAPTURE_AUTORELEASING = YES;
				CLANG_WARN_BOOL_CONVERSION = YES;
				CLANG_WARN_COMMA = YES;
				CLANG_WARN_CONSTANT_CONVERSION = YES;
				CLANG_WARN_DEPRECATED_OBJC_IMPLEMENTATIONS = YES;
				CLANG_WARN_DIRECT_OBJC_ISA_USAGE = YES_ERROR;
				CLANG_WARN_DOCUMENTATION_COMMENTS = YES;
				CLANG_WARN_EMPTY_BODY = YES;
				CLANG_WARN_ENUM_CONVERSION = YES;
				CLANG_WARN_INFINITE_RECURSION = YES;
				CLANG_WARN_INT_CONVERSION = YES;
				CLANG_WARN_NON_LITERAL_NULL_CONVERSION = YES;
				CLANG_WARN_OBJC_IMPLICIT_RETAIN_SELF = YES;
				CLANG_WARN_OBJC_LITERAL_CONVERSION = YES;
				CLANG_WARN_OBJC_ROOT_CLASS = YES_ERROR;
				CLANG_WARN_QUOTED_INCLUDE_IN_FRAMEWORK_HEADER = YES;
				CLANG_WARN_RANGE_LOOP_ANALYSIS = YES;
				CLANG_WARN_STRICT_PROTOTYPES = YES;
				CLANG_WARN_SUSPICIOUS_MOVE = YES;
				CLANG_WARN_UNGUARDED_AVAILABILITY = YES_AGGRESSIVE;
				CLANG_WARN_UNREACHABLE_CODE = YES;
				CLANG_WARN__DUPLICATE_METHOD_MATCH = YES;
				COPY_PHASE_STRIP = NO;
				DEBUG_INFORMATION_FORMAT = dwarf;
				ENABLE_STRICT_OBJC_MSGSEND = YES;
				ENABLE_TESTABILITY = YES;
				GCC_C_LANGUAGE_STANDARD = gnu11;
				GCC_DYNAMIC_NO_PIC = NO;
				GCC_NO_COMMON_BLOCKS = YES;
				GCC_OPTIMIZATION_LEVEL = 0;
				GCC_PREPROCESSOR_DEFINITIONS = (
					"DEBUG=1",
					"$(inherited)",
				);
				GCC_WARN_64_TO_32_BIT_CONVERSION = YES;
				GCC_WARN_ABOUT_RETURN_TYPE = YES_ERROR;
				GCC_WARN_UNDECLARED_SELECTOR = YES;
				GCC_WARN_UNINITIALIZED_AUTOS = YES_AGGRESSIVE;
				GCC_WARN_UNUSED_FUNCTION = YES;
				GCC_WARN_UNUSED_VARIABLE = YES;
				IPHONEOS_DEPLOYMENT_TARGET = 11.0;
				MTL_ENABLE_DEBUG_INFO = INCLUDE_SOURCE;
				MTL_FAST_MATH = YES;
				ONLY_ACTIVE_ARCH = YES;
				SDKROOT = iphoneos;
				SWIFT_ACTIVE_COMPILATION_CONDITIONS = DEBUG;
				SWIFT_OPTIMIZATION_LEVEL = "-Onone";
			};
			name = Debug;
		};
		100BDEBE29A638F800FF4BD6 /* Release */ = {
			isa = XCBuildConfiguration;
			buildSettings = {
				ALWAYS_SEARCH_USER_PATHS = NO;
				CLANG_ANALYZER_NONNULL = YES;
				CLANG_ANALYZER_NUMBER_OBJECT_CONVERSION = YES_AGGRESSIVE;
				CLANG_CXX_LANGUAGE_STANDARD = "gnu++20";
				CLANG_ENABLE_MODULES = YES;
				CLANG_ENABLE_OBJC_ARC = YES;
				CLANG_ENABLE_OBJC_WEAK = YES;
				CLANG_WARN_BLOCK_CAPTURE_AUTORELEASING = YES;
				CLANG_WARN_BOOL_CONVERSION = YES;
				CLANG_WARN_COMMA = YES;
				CLANG_WARN_CONSTANT_CONVERSION = YES;
				CLANG_WARN_DEPRECATED_OBJC_IMPLEMENTATIONS = YES;
				CLANG_WARN_DIRECT_OBJC_ISA_USAGE = YES_ERROR;
				CLANG_WARN_DOCUMENTATION_COMMENTS = YES;
				CLANG_WARN_EMPTY_BODY = YES;
				CLANG_WARN_ENUM_CONVERSION = YES;
				CLANG_WARN_INFINITE_RECURSION = YES;
				CLANG_WARN_INT_CONVERSION = YES;
				CLANG_WARN_NON_LITERAL_NULL_CONVERSION = YES;
				CLANG_WARN_OBJC_IMPLICIT_RETAIN_SELF = YES;
				CLANG_WARN_OBJC_LITERAL_CONVERSION = YES;
				CLANG_WARN_OBJC_ROOT_CLASS = YES_ERROR;
				CLANG_WARN_QUOTED_INCLUDE_IN_FRAMEWORK_HEADER = YES;
				CLANG_WARN_RANGE_LOOP_ANALYSIS = YES;
				CLANG_WARN_STRICT_PROTOTYPES = YES;
				CLANG_WARN_SUSPICIOUS_MOVE = YES;
				CLANG_WARN_UNGUARDED_AVAILABILITY = YES_AGGRESSIVE;
				CLANG_WARN_UNREACHABLE_CODE = YES;
				CLANG_WARN__DUPLICATE_METHOD_MATCH = YES;
				COPY_PHASE_STRIP = NO;
				DEBUG_INFORMATION_FORMAT = "dwarf-with-dsym";
				ENABLE_NS_ASSERTIONS = NO;
				ENABLE_STRICT_OBJC_MSGSEND = YES;
				GCC_C_LANGUAGE_STANDARD = gnu11;
				GCC_NO_COMMON_BLOCKS = YES;
				GCC_WARN_64_TO_32_BIT_CONVERSION = YES;
				GCC_WARN_ABOUT_RETURN_TYPE = YES_ERROR;
				GCC_WARN_UNDECLARED_SELECTOR = YES;
				GCC_WARN_UNINITIALIZED_AUTOS = YES_AGGRESSIVE;
				GCC_WARN_UNUSED_FUNCTION = YES;
				GCC_WARN_UNUSED_VARIABLE = YES;
				IPHONEOS_DEPLOYMENT_TARGET = 11.0;
				MTL_ENABLE_DEBUG_INFO = NO;
				MTL_FAST_MATH = YES;
				SDKROOT = iphoneos;
				SWIFT_COMPILATION_MODE = wholemodule;
				SWIFT_OPTIMIZATION_LEVEL = "-O";
				VALIDATE_PRODUCT = YES;
			};
			name = Release;
		};
		100BDEC029A638F800FF4BD6 /* Debug */ = {
			isa = XCBuildConfiguration;
			buildSettings = {
				ASSETCATALOG_COMPILER_APPICON_NAME = AppIcon;
				ASSETCATALOG_COMPILER_GLOBAL_ACCENT_COLOR_NAME = AccentColor;
				CODE_SIGN_STYLE = Automatic;
				CURRENT_PROJECT_VERSION = 1;
				DEVELOPMENT_TEAM = 23MKK4HKPH;
				GENERATE_INFOPLIST_FILE = YES;
				INFOPLIST_FILE = qweb_widget_test/Info.plist;
				INFOPLIST_KEY_UIApplicationSupportsIndirectInputEvents = YES;
				INFOPLIST_KEY_UILaunchStoryboardName = LaunchScreen;
				INFOPLIST_KEY_UISupportedInterfaceOrientations_iPad = "UIInterfaceOrientationPortrait UIInterfaceOrientationPortraitUpsideDown UIInterfaceOrientationLandscapeLeft UIInterfaceOrientationLandscapeRight";
				INFOPLIST_KEY_UISupportedInterfaceOrientations_iPhone = "UIInterfaceOrientationPortrait UIInterfaceOrientationLandscapeLeft UIInterfaceOrientationLandscapeRight";
				LD_RUNPATH_SEARCH_PATHS = (
					"$(inherited)",
					"@executable_path/Frameworks",
				);
				MARKETING_VERSION = 1.0;
				PRODUCT_BUNDLE_IDENTIFIER = "qbox.qweb-widget-test";
				PRODUCT_NAME = "$(TARGET_NAME)";
				SWIFT_EMIT_LOC_STRINGS = YES;
				SWIFT_VERSION = 5.0;
				TARGETED_DEVICE_FAMILY = "1,2";
			};
			name = Debug;
		};
		100BDEC129A638F800FF4BD6 /* Release */ = {
			isa = XCBuildConfiguration;
			buildSettings = {
				ASSETCATALOG_COMPILER_APPICON_NAME = AppIcon;
				ASSETCATALOG_COMPILER_GLOBAL_ACCENT_COLOR_NAME = AccentColor;
				CODE_SIGN_STYLE = Automatic;
				CURRENT_PROJECT_VERSION = 1;
				DEVELOPMENT_TEAM = 23MKK4HKPH;
				GENERATE_INFOPLIST_FILE = YES;
				INFOPLIST_FILE = qweb_widget_test/Info.plist;
				INFOPLIST_KEY_UIApplicationSupportsIndirectInputEvents = YES;
				INFOPLIST_KEY_UILaunchStoryboardName = LaunchScreen;
				INFOPLIST_KEY_UISupportedInterfaceOrientations_iPad = "UIInterfaceOrientationPortrait UIInterfaceOrientationPortraitUpsideDown UIInterfaceOrientationLandscapeLeft UIInterfaceOrientationLandscapeRight";
				INFOPLIST_KEY_UISupportedInterfaceOrientations_iPhone = "UIInterfaceOrientationPortrait UIInterfaceOrientationLandscapeLeft UIInterfaceOrientationLandscapeRight";
				LD_RUNPATH_SEARCH_PATHS = (
					"$(inherited)",
					"@executable_path/Frameworks",
				);
				MARKETING_VERSION = 1.0;
				PRODUCT_BUNDLE_IDENTIFIER = "qbox.qweb-widget-test";
				PRODUCT_NAME = "$(TARGET_NAME)";
				SWIFT_EMIT_LOC_STRINGS = YES;
				SWIFT_VERSION = 5.0;
				TARGETED_DEVICE_FAMILY = "1,2";
			};
			name = Release;
		};
/* End XCBuildConfiguration section */

/* Begin XCConfigurationList section */
		100BDEA629A638F600FF4BD6 /* Build configuration list for PBXProject "qweb_widget_test" */ = {
			isa = XCConfigurationList;
			buildConfigurations = (
				100BDEBD29A638F800FF4BD6 /* Debug */,
				100BDEBE29A638F800FF4BD6 /* Release */,
			);
			defaultConfigurationIsVisible = 0;
			defaultConfigurationName = Release;
		};
		100BDEBF29A638F800FF4BD6 /* Build configuration list for PBXNativeTarget "qweb_widget_test" */ = {
			isa = XCConfigurationList;
			buildConfigurations = (
				100BDEC029A638F800FF4BD6 /* Debug */,
				100BDEC129A638F800FF4BD6 /* Release */,
			);
			defaultConfigurationIsVisible = 0;
			defaultConfigurationName = Release;
		};
/* End XCConfigurationList section */

/* Begin XCRemoteSwiftPackageReference section */
		10206A0729AF4F1B005C94E4 /* XCRemoteSwiftPackageReference "QboxWebWidget" */ = {
			isa = XCRemoteSwiftPackageReference;
			repositoryURL = "https://github.com/xteclu/QboxWebWidget.git";
			requirement = {
				branch = main;
				kind = branch;
			};
		};
/* End XCRemoteSwiftPackageReference section */

/* Begin XCSwiftPackageProductDependency section */
		10206A0829AF4F1B005C94E4 /* QboxWebWidget */ = {
			isa = XCSwiftPackageProductDependency;
			package = 10206A0729AF4F1B005C94E4 /* XCRemoteSwiftPackageReference "QboxWebWidget" */;
			productName = QboxWebWidget;
		};
/* End XCSwiftPackageProductDependency section */
	};
	rootObject = 100BDEA329A638F600FF4BD6 /* Project object */;
}
